
Microsoft Visual Studio Solution File, Format Version 12.00
# Visual Studio 15
VisualStudioVersion = 15.0.28010.2003
MinimumVisualStudioVersion = 10.0.40219.1
Project("{F184B08F-C81C-45F6-A57F-5ABD9991F28F}") = "WindowsApp2", "WindowsApp2.vbproj", "{A7BCFCF3-98B0-4348-8317-B1A41B7915AF}"
EndProject
Global
	GlobalSection(SolutionConfigurationPlatforms) = preSolution
		Debug|Any CPU = Debug|Any CPU
		Release|Any CPU = Release|Any CPU
	EndGlobalSection
	GlobalSection(ProjectConfigurationPlatforms) = postSolution
		{A7BCFCF3-98B0-4348-8317-B1A41B7915AF}.Debug|Any CPU.ActiveCfg = Debug|Any CPU
		{A7BCFCF3-98B0-4348-8317-B1A41B7915AF}.Debug|Any CPU.Build.0 = Debug|Any CPU
		{A7BCFCF3-98B0-4348-8317-B1A41B7915AF}.Release|Any CPU.ActiveCfg = Release|Any CPU
		{A7BCFCF3-98B0-4348-8317-B1A41B7915AF}.Release|Any CPU.Build.0 = Release|Any CPU
	EndGlobalSection
	GlobalSection(SolutionProperties) = preSolution
		HideSolutionNode = FALSE
	EndGlobalSection
	GlobalSection(ExtensibilityGlobals) = postSolution
		SolutionGuid = {F7DD933C-7BD7-4186-A671-92BB2200D9C7}
	EndGlobalSection
EndGlobal
